
Microsoft Visual Studio Solution File, Format Version 12.00
# Visual Studio Version 17
VisualStudioVersion = 17.4.33403.182
MinimumVisualStudioVersion = 10.0.40219.1
Project("{9A19103F-16F7-4668-BE54-9A1E7A4F7556}") = "WinFormsEX", "WinFormsEX\WinFormsEX.csproj", "{830D7917-4822-478A-A69C-7B6847B2EBE4}"
EndProject
Project("{9A19103F-16F7-4668-BE54-9A1E7A4F7556}") = "simplewinform", "simplewinform\simplewinform.csproj", "{0FB420F0-0A50-47D8-A53B-142FAB992077}"
EndProject
Project("{9A19103F-16F7-4668-BE54-9A1E7A4F7556}") = "Kiosk", "Kiosk\Kiosk.csproj", "{42EF4A11-0E9C-486A-AE41-072B6A595D49}"
EndProject
Project("{FAE04EC0-301F-11D3-BF4B-00C04F79EFBC}") = "Kioskpre", "Kioskpre\Kioskpre.csproj", "{A00C5136-F22E-4EA6-B224-810A05BA547A}"
EndProject
Global
	GlobalSection(SolutionConfigurationPlatforms) = preSolution
		Debug|Any CPU = Debug|Any CPU
		Release|Any CPU = Release|Any CPU
	EndGlobalSection
	GlobalSection(ProjectConfigurationPlatforms) = postSolution
		{830D7917-4822-478A-A69C-7B6847B2EBE4}.Debug|Any CPU.ActiveCfg = Debug|Any CPU
		{830D7917-4822-478A-A69C-7B6847B2EBE4}.Debug|Any CPU.Build.0 = Debug|Any CPU
		{830D7917-4822-478A-A69C-7B6847B2EBE4}.Release|Any CPU.ActiveCfg = Release|Any CPU
		{830D7917-4822-478A-A69C-7B6847B2EBE4}.Release|Any CPU.Build.0 = Release|Any CPU
		{0FB420F0-0A50-47D8-A53B-142FAB992077}.Debug|Any CPU.ActiveCfg = Debug|Any CPU
		{0FB420F0-0A50-47D8-A53B-142FAB992077}.Debug|Any CPU.Build.0 = Debug|Any CPU
		{0FB420F0-0A50-47D8-A53B-142FAB992077}.Release|Any CPU.ActiveCfg = Release|Any CPU
		{0FB420F0-0A50-47D8-A53B-142FAB992077}.Release|Any CPU.Build.0 = Release|Any CPU
		{42EF4A11-0E9C-486A-AE41-072B6A595D49}.Debug|Any CPU.ActiveCfg = Debug|Any CPU
		{42EF4A11-0E9C-486A-AE41-072B6A595D49}.Debug|Any CPU.Build.0 = Debug|Any CPU
		{42EF4A11-0E9C-486A-AE41-072B6A595D49}.Release|Any CPU.ActiveCfg = Release|Any CPU
		{42EF4A11-0E9C-486A-AE41-072B6A595D49}.Release|Any CPU.Build.0 = Release|Any CPU
		{A00C5136-F22E-4EA6-B224-810A05BA547A}.Debug|Any CPU.ActiveCfg = Debug|Any CPU
		{A00C5136-F22E-4EA6-B224-810A05BA547A}.Debug|Any CPU.Build.0 = Debug|Any CPU
		{A00C5136-F22E-4EA6-B224-810A05BA547A}.Release|Any CPU.ActiveCfg = Release|Any CPU
		{A00C5136-F22E-4EA6-B224-810A05BA547A}.Release|Any CPU.Build.0 = Release|Any CPU
	EndGlobalSection
	GlobalSection(SolutionProperties) = preSolution
		HideSolutionNode = FALSE
	EndGlobalSection
	GlobalSection(ExtensibilityGlobals) = postSolution
		SolutionGuid = {6AC98A27-2153-45B7-BD70-4456DDA48978}
	EndGlobalSection
EndGlobal
