
Microsoft Visual Studio Solution File, Format Version 12.00
# Visual Studio Version 17
VisualStudioVersion = 17.5.33414.496
MinimumVisualStudioVersion = 10.0.40219.1
Project("{FAE04EC0-301F-11D3-BF4B-00C04F79EFBC}") = "Termproject", "Termproject\Termproject.csproj", "{06D2FF66-160B-4793-95A1-6919A516B141}"
EndProject
Global
	GlobalSection(SolutionConfigurationPlatforms) = preSolution
		Debug|Any CPU = Debug|Any CPU
		Release|Any CPU = Release|Any CPU
	EndGlobalSection
	GlobalSection(ProjectConfigurationPlatforms) = postSolution
		{06D2FF66-160B-4793-95A1-6919A516B141}.Debug|Any CPU.ActiveCfg = Debug|Any CPU
		{06D2FF66-160B-4793-95A1-6919A516B141}.Debug|Any CPU.Build.0 = Debug|Any CPU
		{06D2FF66-160B-4793-95A1-6919A516B141}.Release|Any CPU.ActiveCfg = Release|Any CPU
		{06D2FF66-160B-4793-95A1-6919A516B141}.Release|Any CPU.Build.0 = Release|Any CPU
	EndGlobalSection
	GlobalSection(SolutionProperties) = preSolution
		HideSolutionNode = FALSE
	EndGlobalSection
	GlobalSection(ExtensibilityGlobals) = postSolution
		SolutionGuid = {EEF57277-0798-4EB8-AECC-C49389E013B1}
	EndGlobalSection
EndGlobal
